// !$*UTF8*$!
{
	archiveVersion = 1;
	classes = {
	};
	objectVersion = 55;
	objects = {

/* Begin PBXBuildFile section */
		94D558412898101800518EC5 /* main.swift in Sources */ = {isa = PBXBuildFile; fileRef = 94D558402898101800518EC5 /* main.swift */; };
		94D5584A2898107C00518EC5 /* MyClass.swift in Sources */ = {isa = PBXBuildFile; fileRef = 94D558472898107C00518EC5 /* MyClass.swift */; };
		94D5584B2898107C00518EC5 /* MyStructure.swift in Sources */ = {isa = PBXBuildFile; fileRef = 94D558482898107C00518EC5 /* MyStructure.swift */; };
		94D5584C2898107C00518EC5 /* TestCallingConventions.swift in Sources */ = {isa = PBXBuildFile; fileRef = 94D558492898107C00518EC5 /* TestCallingConventions.swift */; };
		94F63E3129BF49F80061EDC0 /* MyEnum.swift in Sources */ = {isa = PBXBuildFile; fileRef = 94F63E3029BF49F80061EDC0 /* MyEnum.swift */; };
		94FD5F8F2B6A8DFE00EAB6DE /* TestJUnit.swift in Sources */ = {isa = PBXBuildFile; fileRef = 94FD5F8E2B6A8DFE00EAB6DE /* TestJUnit.swift */; };
/* End PBXBuildFile section */

/* Begin PBXCopyFilesBuildPhase section */
		94D5583B2898101800518EC5 /* CopyFiles */ = {
			isa = PBXCopyFilesBuildPhase;
			buildActionMask = 2147483647;
			dstPath = /usr/share/man/man1/;
			dstSubfolderSpec = 0;
			files = (
			);
			runOnlyForDeploymentPostprocessing = 1;
		};
/* End PBXCopyFilesBuildPhase section */

/* Begin PBXFileReference section */
		94D5583D2898101800518EC5 /* SwiftDemanglerTest */ = {isa = PBXFileReference; explicitFileType = "compiled.mach-o.executable"; includeInIndex = 0; path = SwiftDemanglerTest; sourceTree = BUILT_PRODUCTS_DIR; };
		94D558402898101800518EC5 /* main.swift */ = {isa = PBXFileReference; lastKnownFileType = sourcecode.swift; path = main.swift; sourceTree = "<group>"; };
		94D558472898107C00518EC5 /* MyClass.swift */ = {isa = PBXFileReference; fileEncoding = 4; lastKnownFileType = sourcecode.swift; path = MyClass.swift; sourceTree = "<group>"; };
		94D558482898107C00518EC5 /* MyStructure.swift */ = {isa = PBXFileReference; fileEncoding = 4; lastKnownFileType = sourcecode.swift; path = MyStructure.swift; sourceTree = "<group>"; };
		94D558492898107C00518EC5 /* TestCallingConventions.swift */ = {isa = PBXFileReference; fileEncoding = 4; lastKnownFileType = sourcecode.swift; path = TestCallingConventions.swift; sourceTree = "<group>"; };
		94F63E3029BF49F80061EDC0 /* MyEnum.swift */ = {isa = PBXFileReference; lastKnownFileType = sourcecode.swift; path = MyEnum.swift; sourceTree = "<group>"; };
		94FD5F8E2B6A8DFE00EAB6DE /* TestJUnit.swift */ = {isa = PBXFileReference; lastKnownFileType = sourcecode.swift; path = TestJUnit.swift; sourceTree = "<group>"; };
/* End PBXFileReference section */

/* Begin PBXFrameworksBuildPhase section */
		94D5583A2898101800518EC5 /* Frameworks */ = {
			isa = PBXFrameworksBuildPhase;
			buildActionMask = 2147483647;
			files = (
			);
			runOnlyForDeploymentPostprocessing = 0;
		};
/* End PBXFrameworksBuildPhase section */

/* Begin PBXGroup section */
		94D558342898101800518EC5 = {
			isa = PBXGroup;
			children = (
				94D5583F2898101800518EC5 /* SwiftDemanglerTest */,
				94D5583E2898101800518EC5 /* Products */,
			);
			sourceTree = "<group>";
		};
		94D5583E2898101800518EC5 /* Products */ = {
			isa = PBXGroup;
			children = (
				94D5583D2898101800518EC5 /* SwiftDemanglerTest */,
			);
			name = Products;
			sourceTree = "<group>";
		};
		94D5583F2898101800518EC5 /* SwiftDemanglerTest */ = {
			isa = PBXGroup;
			children = (
				94D558402898101800518EC5 /* main.swift */,
				94D558492898107C00518EC5 /* TestCallingConventions.swift */,
				94D558472898107C00518EC5 /* MyClass.swift */,
				94D558482898107C00518EC5 /* MyStructure.swift */,
				94F63E3029BF49F80061EDC0 /* MyEnum.swift */,
				94FD5F8E2B6A8DFE00EAB6DE /* TestJUnit.swift */,
			);
			path = SwiftDemanglerTest;
			sourceTree = "<group>";
		};
/* End PBXGroup section */

/* Begin PBXNativeTarget section */
		94D5583C2898101800518EC5 /* SwiftDemanglerTest */ = {
			isa = PBXNativeTarget;
			buildConfigurationList = 94D558442898101800518EC5 /* Build configuration list for PBXNativeTarget "SwiftDemanglerTest" */;
			buildPhases = (
				94D558392898101800518EC5 /* Sources */,
				94D5583A2898101800518EC5 /* Frameworks */,
				94D5583B2898101800518EC5 /* CopyFiles */,
			);
			buildRules = (
			);
			dependencies = (
			);
			name = SwiftDemanglerTest;
			productName = SwiftDemanglerTest;
			productReference = 94D5583D2898101800518EC5 /* SwiftDemanglerTest */;
			productType = "com.apple.product-type.tool";
		};
/* End PBXNativeTarget section */

/* Begin PBXProject section */
		94D558352898101800518EC5 /* Project object */ = {
			isa = PBXProject;
			attributes = {
				BuildIndependentTargetsInParallel = 1;
				LastSwiftUpdateCheck = 1340;
				LastUpgradeCheck = 1520;
				TargetAttributes = {
					94D5583C2898101800518EC5 = {
						CreatedOnToolsVersion = 13.4.1;
					};
				};
			};
			buildConfigurationList = 94D558382898101800518EC5 /* Build configuration list for PBXProject "SwiftDemanglerTest" */;
			compatibilityVersion = "Xcode 13.0";
			developmentRegion = en;
			hasScannedForEncodings = 0;
			knownRegions = (
				en,
				Base,
			);
			mainGroup = 94D558342898101800518EC5;
			productRefGroup = 94D5583E2898101800518EC5 /* Products */;
			projectDirPath = "";
			projectRoot = "";
			targets = (
				94D5583C2898101800518EC5 /* SwiftDemanglerTest */,
			);
		};
/* End PBXProject section */

/* Begin PBXSourcesBuildPhase section */
		94D558392898101800518EC5 /* Sources */ = {
			isa = PBXSourcesBuildPhase;
			buildActionMask = 2147483647;
			files = (
				94FD5F8F2B6A8DFE00EAB6DE /* TestJUnit.swift in Sources */,
				94F63E3129BF49F80061EDC0 /* MyEnum.swift in Sources */,
				94D5584A2898107C00518EC5 /* MyClass.swift in Sources */,
				94D558412898101800518EC5 /* main.swift in Sources */,
				94D5584C2898107C00518EC5 /* TestCallingConventions.swift in Sources */,
				94D5584B2898107C00518EC5 /* MyStructure.swift in Sources */,
			);
			runOnlyForDeploymentPostprocessing = 0;
		};
/* End PBXSourcesBuildPhase section */

/* Begin XCBuildConfiguration section */
		94D558422898101800518EC5 /* Debug */ = {
			isa = XCBuildConfiguration;
			buildSettings = {
				ALWAYS_SEARCH_USER_PATHS = NO;
				CLANG_ANALYZER_NONNULL = YES;
				CLANG_ANALYZER_NUMBER_OBJECT_CONVERSION = YES_AGGRESSIVE;
				CLANG_CXX_LANGUAGE_STANDARD = "gnu++17";
				CLANG_ENABLE_MODULES = YES;
				CLANG_ENABLE_OBJC_ARC = YES;
				CLANG_ENABLE_OBJC_WEAK = YES;
				CLANG_WARN_BLOCK_CAPTURE_AUTORELEASING = YES;
				CLANG_WARN_BOOL_CONVERSION = YES;
				CLANG_WARN_COMMA = YES;
				CLANG_WARN_CONSTANT_CONVERSION = YES;
				CLANG_WARN_DEPRECATED_OBJC_IMPLEMENTATIONS = YES;
				CLANG_WARN_DIRECT_OBJC_ISA_USAGE = YES_ERROR;
				CLANG_WARN_DOCUMENTATION_COMMENTS = YES;
				CLANG_WARN_EMPTY_BODY = YES;
				CLANG_WARN_ENUM_CONVERSION = YES;
				CLANG_WARN_INFINITE_RECURSION = YES;
				CLANG_WARN_INT_CONVERSION = YES;
				CLANG_WARN_NON_LITERAL_NULL_CONVERSION = YES;
				CLANG_WARN_OBJC_IMPLICIT_RETAIN_SELF = YES;
				CLANG_WARN_OBJC_LITERAL_CONVERSION = YES;
				CLANG_WARN_OBJC_ROOT_CLASS = YES_ERROR;
				CLANG_WARN_QUOTED_INCLUDE_IN_FRAMEWORK_HEADER = YES;
				CLANG_WARN_RANGE_LOOP_ANALYSIS = YES;
				CLANG_WARN_STRICT_PROTOTYPES = YES;
				CLANG_WARN_SUSPICIOUS_MOVE = YES;
				CLANG_WARN_UNGUARDED_AVAILABILITY = YES_AGGRESSIVE;
				CLANG_WARN_UNREACHABLE_CODE = YES;
				CLANG_WARN__DUPLICATE_METHOD_MATCH = YES;
				COPY_PHASE_STRIP = NO;
				DEBUG_INFORMATION_FORMAT = dwarf;
				ENABLE_STRICT_OBJC_MSGSEND = YES;
				ENABLE_TESTABILITY = YES;
				EXCLUDED_ARCHS = "";
				GCC_C_LANGUAGE_STANDARD = gnu11;
				GCC_DYNAMIC_NO_PIC = NO;
				GCC_NO_COMMON_BLOCKS = YES;
				GCC_OPTIMIZATION_LEVEL = 0;
				GCC_PREPROCESSOR_DEFINITIONS = (
					"DEBUG=1",
					"$(inherited)",
				);
				GCC_WARN_64_TO_32_BIT_CONVERSION = YES;
				GCC_WARN_ABOUT_RETURN_TYPE = YES_ERROR;
				GCC_WARN_UNDECLARED_SELECTOR = YES;
				GCC_WARN_UNINITIALIZED_AUTOS = YES_AGGRESSIVE;
				GCC_WARN_UNUSED_FUNCTION = YES;
				GCC_WARN_UNUSED_VARIABLE = YES;
				MACOSX_DEPLOYMENT_TARGET = 12.3;
				MTL_ENABLE_DEBUG_INFO = INCLUDE_SOURCE;
				MTL_FAST_MATH = YES;
				ONLY_ACTIVE_ARCH = NO;
				SDKROOT = macosx;
				SWIFT_ACTIVE_COMPILATION_CONDITIONS = DEBUG;
				SWIFT_OPTIMIZATION_LEVEL = "-Onone";
			};
			name = Debug;
		};
		94D558432898101800518EC5 /* Release */ = {
			isa = XCBuildConfiguration;
			buildSettings = {
				ALWAYS_SEARCH_USER_PATHS = NO;
				CLANG_ANALYZER_NONNULL = YES;
				CLANG_ANALYZER_NUMBER_OBJECT_CONVERSION = YES_AGGRESSIVE;
				CLANG_CXX_LANGUAGE_STANDARD = "gnu++17";
				CLANG_ENABLE_MODULES = YES;
				CLANG_ENABLE_OBJC_ARC = YES;
				CLANG_ENABLE_OBJC_WEAK = YES;
				CLANG_WARN_BLOCK_CAPTURE_AUTORELEASING = YES;
				CLANG_WARN_BOOL_CONVERSION = YES;
				CLANG_WARN_COMMA = YES;
				CLANG_WARN_CONSTANT_CONVERSION = YES;
				CLANG_WARN_DEPRECATED_OBJC_IMPLEMENTATIONS = YES;
				CLANG_WARN_DIRECT_OBJC_ISA_USAGE = YES_ERROR;
				CLANG_WARN_DOCUMENTATION_COMMENTS = YES;
				CLANG_WARN_EMPTY_BODY = YES;
				CLANG_WARN_ENUM_CONVERSION = YES;
				CLANG_WARN_INFINITE_RECURSION = YES;
				CLANG_WARN_INT_CONVERSION = YES;
				CLANG_WARN_NON_LITERAL_NULL_CONVERSION = YES;
				CLANG_WARN_OBJC_IMPLICIT_RETAIN_SELF = YES;
				CLANG_WARN_OBJC_LITERAL_CONVERSION = YES;
				CLANG_WARN_OBJC_ROOT_CLASS = YES_ERROR;
				CLANG_WARN_QUOTED_INCLUDE_IN_FRAMEWORK_HEADER = YES;
				CLANG_WARN_RANGE_LOOP_ANALYSIS = YES;
				CLANG_WARN_STRICT_PROTOTYPES = YES;
				CLANG_WARN_SUSPICIOUS_MOVE = YES;
				CLANG_WARN_UNGUARDED_AVAILABILITY = YES_AGGRESSIVE;
				CLANG_WARN_UNREACHABLE_CODE = YES;
				CLANG_WARN__DUPLICATE_METHOD_MATCH = YES;
				COPY_PHASE_STRIP = NO;
				DEBUG_INFORMATION_FORMAT = "dwarf-with-dsym";
				ENABLE_NS_ASSERTIONS = NO;
				ENABLE_STRICT_OBJC_MSGSEND = YES;
				EXCLUDED_ARCHS = "";
				GCC_C_LANGUAGE_STANDARD = gnu11;
				GCC_NO_COMMON_BLOCKS = YES;
				GCC_WARN_64_TO_32_BIT_CONVERSION = YES;
				GCC_WARN_ABOUT_RETURN_TYPE = YES_ERROR;
				GCC_WARN_UNDECLARED_SELECTOR = YES;
				GCC_WARN_UNINITIALIZED_AUTOS = YES_AGGRESSIVE;
				GCC_WARN_UNUSED_FUNCTION = YES;
				GCC_WARN_UNUSED_VARIABLE = YES;
				MACOSX_DEPLOYMENT_TARGET = 12.3;
				MTL_ENABLE_DEBUG_INFO = NO;
				MTL_FAST_MATH = YES;
				SDKROOT = macosx;
				SWIFT_COMPILATION_MODE = wholemodule;
				SWIFT_OPTIMIZATION_LEVEL = "-O";
			};
			name = Release;
		};
		94D558452898101800518EC5 /* Debug */ = {
			isa = XCBuildConfiguration;
			buildSettings = {
				CODE_SIGN_STYLE = Automatic;
				EXCLUDED_ARCHS = "";
				ONLY_ACTIVE_ARCH = NO;
				PRODUCT_NAME = "$(TARGET_NAME)";
				SWIFT_DISABLE_SAFETY_CHECKS = YES;
				SWIFT_VERSION = 5.0;
			};
			name = Debug;
		};
		94D558462898101800518EC5 /* Release */ = {
			isa = XCBuildConfiguration;
			buildSettings = {
				CODE_SIGN_STYLE = Automatic;
				EXCLUDED_ARCHS = "";
				GCC_OPTIMIZATION_LEVEL = 0;
				PRODUCT_NAME = "$(TARGET_NAME)";
				SWIFT_DISABLE_SAFETY_CHECKS = YES;
				SWIFT_OPTIMIZATION_LEVEL = "-Onone";
				"SWIFT_OPTIMIZATION_LEVEL[arch=*]" = "-Onone";
				SWIFT_VERSION = 5.0;
			};
			name = Release;
		};
/* End XCBuildConfiguration section */

/* Begin XCConfigurationList section */
		94D558382898101800518EC5 /* Build configuration list for PBXProject "SwiftDemanglerTest" */ = {
			isa = XCConfigurationList;
			buildConfigurations = (
				94D558422898101800518EC5 /* Debug */,
				94D558432898101800518EC5 /* Release */,
			);
			defaultConfigurationIsVisible = 0;
			defaultConfigurationName = Release;
		};
		94D558442898101800518EC5 /* Build configuration list for PBXNativeTarget "SwiftDemanglerTest" */ = {
			isa = XCConfigurationList;
			buildConfigurations = (
				94D558452898101800518EC5 /* Debug */,
				94D558462898101800518EC5 /* Release */,
			);
			defaultConfigurationIsVisible = 0;
			defaultConfigurationName = Release;
		};
/* End XCConfigurationList section */
	};
	rootObject = 94D558352898101800518EC5 /* Project object */;
}
